
Microsoft Visual Studio Solution File, Format Version 12.00
# Visual Studio Version 17
VisualStudioVersion = 17.14.36414.22 d17.14
MinimumVisualStudioVersion = 10.0.40219.1
Project("{FAE04EC0-301F-11D3-BF4B-00C04F79EFBC}") = "Hydrogen", "Hydrogen\Hydrogen.csproj", "{ADF36DA5-FA82-483F-85DA-D00A5CF1C72E}"
EndProject
Global
	GlobalSection(SolutionConfigurationPlatforms) = preSolution
		Debug|Any CPU = Debug|Any CPU
		Release|Any CPU = Release|Any CPU
	EndGlobalSection
	GlobalSection(ProjectConfigurationPlatforms) = postSolution
		{ADF36DA5-FA82-483F-85DA-D00A5CF1C72E}.Debug|Any CPU.ActiveCfg = Debug|Any CPU
		{ADF36DA5-FA82-483F-85DA-D00A5CF1C72E}.Debug|Any CPU.Build.0 = Debug|Any CPU
		{ADF36DA5-FA82-483F-85DA-D00A5CF1C72E}.Release|Any CPU.ActiveCfg = Release|Any CPU
		{ADF36DA5-FA82-483F-85DA-D00A5CF1C72E}.Release|Any CPU.Build.0 = Release|Any CPU
	EndGlobalSection
	GlobalSection(SolutionProperties) = preSolution
		HideSolutionNode = FALSE
	EndGlobalSection
	GlobalSection(ExtensibilityGlobals) = postSolution
		SolutionGuid = {0DE0F9E0-B184-4091-ACB0-6474948C7012}
	EndGlobalSection
EndGlobal
